
Microsoft Visual Studio Solution File, Format Version 12.00
# Visual Studio Version 17
VisualStudioVersion = 17.8.34525.116
MinimumVisualStudioVersion = 10.0.40219.1
Project("{2150E333-8FDC-42A3-9474-1A3956D46DE8}") = "Core", "Core", "{E2FC0C0C-6B38-4DF6-9E11-75D15C951615}"
EndProject
Project("{9A19103F-16F7-4668-BE54-9A1E7A4F7556}") = "ETicaretAPI.Domain", "Core\ETicaretAPI.Domain\ETicaretAPI.Domain.csproj", "{0508C7B6-DFFD-45DA-A484-AC44471C7F63}"
EndProject
Project("{9A19103F-16F7-4668-BE54-9A1E7A4F7556}") = "ETicaretAPI.Application", "Core\ETicaretAPI.Application\ETicaretAPI.Application.csproj", "{F550D7AE-CBEE-44A6-832F-E237345FA38E}"
EndProject
Project("{2150E333-8FDC-42A3-9474-1A3956D46DE8}") = "Presentation", "Presentation", "{F46FFE41-B92D-41A1-8A4E-46A3103FACDB}"
EndProject
Project("{9A19103F-16F7-4668-BE54-9A1E7A4F7556}") = "ETicaretAPI.API", "Presentation\ETicaretAPI.API\ETicaretAPI.API.csproj", "{F37FC6AC-D14F-4FB5-B77D-43D75DEDDDD5}"
EndProject
Project("{2150E333-8FDC-42A3-9474-1A3956D46DE8}") = "Infrastructure", "Infrastructure", "{D57A5613-B60E-40B0-9E2D-A1C7E5F3A408}"
EndProject
Project("{9A19103F-16F7-4668-BE54-9A1E7A4F7556}") = "ETicaretAPI.Infrastructure", "Infrastructure\ETicaretAPI.Infrastructure\ETicaretAPI.Infrastructure.csproj", "{41806ACD-F764-4053-A30A-EF7E0EB53147}"
EndProject
Project("{9A19103F-16F7-4668-BE54-9A1E7A4F7556}") = "ETicaretAPI.Persistence", "Infrastructure\ETicaretAPI.Persistence\ETicaretAPI.Persistence.csproj", "{ADB79234-68C4-436D-8213-C02BBC0D5296}"
EndProject
Global
	GlobalSection(SolutionConfigurationPlatforms) = preSolution
		Debug|Any CPU = Debug|Any CPU
		Release|Any CPU = Release|Any CPU
	EndGlobalSection
	GlobalSection(ProjectConfigurationPlatforms) = postSolution
		{0508C7B6-DFFD-45DA-A484-AC44471C7F63}.Debug|Any CPU.ActiveCfg = Debug|Any CPU
		{0508C7B6-DFFD-45DA-A484-AC44471C7F63}.Debug|Any CPU.Build.0 = Debug|Any CPU
		{0508C7B6-DFFD-45DA-A484-AC44471C7F63}.Release|Any CPU.ActiveCfg = Release|Any CPU
		{0508C7B6-DFFD-45DA-A484-AC44471C7F63}.Release|Any CPU.Build.0 = Release|Any CPU
		{F550D7AE-CBEE-44A6-832F-E237345FA38E}.Debug|Any CPU.ActiveCfg = Debug|Any CPU
		{F550D7AE-CBEE-44A6-832F-E237345FA38E}.Debug|Any CPU.Build.0 = Debug|Any CPU
		{F550D7AE-CBEE-44A6-832F-E237345FA38E}.Release|Any CPU.ActiveCfg = Release|Any CPU
		{F550D7AE-CBEE-44A6-832F-E237345FA38E}.Release|Any CPU.Build.0 = Release|Any CPU
		{F37FC6AC-D14F-4FB5-B77D-43D75DEDDDD5}.Debug|Any CPU.ActiveCfg = Debug|Any CPU
		{F37FC6AC-D14F-4FB5-B77D-43D75DEDDDD5}.Debug|Any CPU.Build.0 = Debug|Any CPU
		{F37FC6AC-D14F-4FB5-B77D-43D75DEDDDD5}.Release|Any CPU.ActiveCfg = Release|Any CPU
		{F37FC6AC-D14F-4FB5-B77D-43D75DEDDDD5}.Release|Any CPU.Build.0 = Release|Any CPU
		{41806ACD-F764-4053-A30A-EF7E0EB53147}.Debug|Any CPU.ActiveCfg = Debug|Any CPU
		{41806ACD-F764-4053-A30A-EF7E0EB53147}.Debug|Any CPU.Build.0 = Debug|Any CPU
		{41806ACD-F764-4053-A30A-EF7E0EB53147}.Release|Any CPU.ActiveCfg = Release|Any CPU
		{41806ACD-F764-4053-A30A-EF7E0EB53147}.Release|Any CPU.Build.0 = Release|Any CPU
		{ADB79234-68C4-436D-8213-C02BBC0D5296}.Debug|Any CPU.ActiveCfg = Debug|Any CPU
		{ADB79234-68C4-436D-8213-C02BBC0D5296}.Debug|Any CPU.Build.0 = Debug|Any CPU
		{ADB79234-68C4-436D-8213-C02BBC0D5296}.Release|Any CPU.ActiveCfg = Release|Any CPU
		{ADB79234-68C4-436D-8213-C02BBC0D5296}.Release|Any CPU.Build.0 = Release|Any CPU
	EndGlobalSection
	GlobalSection(SolutionProperties) = preSolution
		HideSolutionNode = FALSE
	EndGlobalSection
	GlobalSection(NestedProjects) = preSolution
		{0508C7B6-DFFD-45DA-A484-AC44471C7F63} = {E2FC0C0C-6B38-4DF6-9E11-75D15C951615}
		{F550D7AE-CBEE-44A6-832F-E237345FA38E} = {E2FC0C0C-6B38-4DF6-9E11-75D15C951615}
		{F37FC6AC-D14F-4FB5-B77D-43D75DEDDDD5} = {F46FFE41-B92D-41A1-8A4E-46A3103FACDB}
		{41806ACD-F764-4053-A30A-EF7E0EB53147} = {D57A5613-B60E-40B0-9E2D-A1C7E5F3A408}
		{ADB79234-68C4-436D-8213-C02BBC0D5296} = {D57A5613-B60E-40B0-9E2D-A1C7E5F3A408}
	EndGlobalSection
	GlobalSection(ExtensibilityGlobals) = postSolution
		SolutionGuid = {BF440368-F062-44B5-A997-E6269D965800}
	EndGlobalSection
EndGlobal
